Microsoft Visual Studio Solution File, Format Version 11.00
# Visual Studio 2008

Project("{ED5911A1-17F5-13C7-490A-144A8EF0F6DE}") = "Episode09", "Assembly-CSharp.csproj", "{40D12FD1-3F41-624F-4914-CC0DE817C1F2}"
EndProject
Global
	GlobalSection(SolutionConfigurationPlatforms) = preSolution
		Debug|Any CPU = Debug|Any CPU
		Release|Any CPU = Release|Any CPU
	EndGlobalSection
	GlobalSection(ProjectConfigurationPlatforms) = postSolution
		{40D12FD1-3F41-624F-4914-CC0DE817C1F2}.Debug|Any CPU.ActiveCfg = Debug|Any CPU
		{40D12FD1-3F41-624F-4914-CC0DE817C1F2}.Debug|Any CPU.Build.0 = Debug|Any CPU
		{40D12FD1-3F41-624F-4914-CC0DE817C1F2}.Release|Any CPU.ActiveCfg = Release|Any CPU
		{40D12FD1-3F41-624F-4914-CC0DE817C1F2}.Release|Any CPU.Build.0 = Release|Any CPU
	EndGlobalSection
	GlobalSection(SolutionProperties) = preSolution
		HideSolutionNode = FALSE
	EndGlobalSection
	GlobalSection(MonoDevelopProperties) = preSolution
		StartupItem = Assembly-CSharp.csproj
	EndGlobalSection
EndGlobal
