Microsoft Visual Studio Solution File, Format Version 11.00
# Visual Studio 2008

Project("{4FF0ACEB-1DF6-26CE-D7D8-3065900ACA5D}") = "Episode08", "Assembly-CSharp.csproj", "{59156CA0-BF7E-AE91-B549-E718D27A96C9}"
EndProject
Global
	GlobalSection(SolutionConfigurationPlatforms) = preSolution
		Debug|Any CPU = Debug|Any CPU
		Release|Any CPU = Release|Any CPU
	EndGlobalSection
	GlobalSection(ProjectConfigurationPlatforms) = postSolution
		{59156CA0-BF7E-AE91-B549-E718D27A96C9}.Debug|Any CPU.ActiveCfg = Debug|Any CPU
		{59156CA0-BF7E-AE91-B549-E718D27A96C9}.Debug|Any CPU.Build.0 = Debug|Any CPU
		{59156CA0-BF7E-AE91-B549-E718D27A96C9}.Release|Any CPU.ActiveCfg = Release|Any CPU
		{59156CA0-BF7E-AE91-B549-E718D27A96C9}.Release|Any CPU.Build.0 = Release|Any CPU
	EndGlobalSection
	GlobalSection(SolutionProperties) = preSolution
		HideSolutionNode = FALSE
	EndGlobalSection
	GlobalSection(MonoDevelopProperties) = preSolution
		StartupItem = Assembly-CSharp.csproj
	EndGlobalSection
EndGlobal
